
Microsoft Visual Studio Solution File, Format Version 12.00
# Visual Studio Version 17
VisualStudioVersion = 17.5.002.0
MinimumVisualStudioVersion = 10.0.40219.1
Project("{9A19103F-16F7-4668-BE54-9A1E7A4F7556}") = "AlertAI", "src\AlertAI.Api\AlertAI.Api.csproj", "{2E7C2640-E6FA-459A-B488-CFE8EBCEC176}"
EndProject
Global
	GlobalSection(SolutionConfigurationPlatforms) = preSolution
		Debug|Any CPU = Debug|Any CPU
		Release|Any CPU = Release|Any CPU
	EndGlobalSection
	GlobalSection(ProjectConfigurationPlatforms) = postSolution
		{2E7C2640-E6FA-459A-B488-CFE8EBCEC176}.Debug|Any CPU.ActiveCfg = Debug|Any CPU
		{2E7C2640-E6FA-459A-B488-CFE8EBCEC176}.Debug|Any CPU.Build.0 = Debug|Any CPU
		{2E7C2640-E6FA-459A-B488-CFE8EBCEC176}.Release|Any CPU.ActiveCfg = Release|Any CPU
		{2E7C2640-E6FA-459A-B488-CFE8EBCEC176}.Release|Any CPU.Build.0 = Release|Any CPU
	EndGlobalSection
	GlobalSection(SolutionProperties) = preSolution
		HideSolutionNode = FALSE
	EndGlobalSection
	GlobalSection(ExtensibilityGlobals) = postSolution
		SolutionGuid = {BAAC7DA4-ABD9-49AF-889B-5DF2E23781A4}
	EndGlobalSection
EndGlobal
