
Microsoft Visual Studio Solution File, Format Version 12.00
# Visual Studio Version 17
VisualStudioVersion = 17.5.002.0
MinimumVisualStudioVersion = 10.0.40219.1
Project("{9A19103F-16F7-4668-BE54-9A1E7A4F7556}") = "Suggestio.Api", "src\Suggestio.Api\Suggestio.Api.csproj", "{2E7C2640-E6FA-459A-B488-CFE8EBCEC176}"
EndProject
Project("{9A19103F-16F7-4668-BE54-9A1E7A4F7556}") = "Suggestio.Api.Tests", "tests\Suggestio.Api.Tests\Suggestio.Api.Tests.csproj", "{09E31353-762C-4B1E-86B4-BBABF42162FC}"
EndProject
Project("{2150E333-8FDC-42A3-9474-1A3956D46DE8}") = "Solution Items", "Solution Items", "{911633E1-237B-42EF-8309-59B0D1A02EA7}"
	ProjectSection(SolutionItems) = preProject
		.gitignore = .gitignore
		README.md = README.md
		.copilot-instructions.md = .copilot-instructions.md
	EndProjectSection
EndProject
Global
	GlobalSection(SolutionConfigurationPlatforms) = preSolution
		Debug|Any CPU = Debug|Any CPU
		Release|Any CPU = Release|Any CPU
	EndGlobalSection
	GlobalSection(ProjectConfigurationPlatforms) = postSolution
		{2E7C2640-E6FA-459A-B488-CFE8EBCEC176}.Debug|Any CPU.ActiveCfg = Debug|Any CPU
		{2E7C2640-E6FA-459A-B488-CFE8EBCEC176}.Debug|Any CPU.Build.0 = Debug|Any CPU
		{2E7C2640-E6FA-459A-B488-CFE8EBCEC176}.Release|Any CPU.ActiveCfg = Release|Any CPU
		{2E7C2640-E6FA-459A-B488-CFE8EBCEC176}.Release|Any CPU.Build.0 = Release|Any CPU
		{09E31353-762C-4B1E-86B4-BBABF42162FC}.Debug|Any CPU.ActiveCfg = Debug|Any CPU
		{09E31353-762C-4B1E-86B4-BBABF42162FC}.Debug|Any CPU.Build.0 = Debug|Any CPU
		{09E31353-762C-4B1E-86B4-BBABF42162FC}.Release|Any CPU.ActiveCfg = Release|Any CPU
		{09E31353-762C-4B1E-86B4-BBABF42162FC}.Release|Any CPU.Build.0 = Release|Any CPU
	EndGlobalSection
	GlobalSection(SolutionProperties) = preSolution
		HideSolutionNode = FALSE
	EndGlobalSection
	GlobalSection(ExtensibilityGlobals) = postSolution
		SolutionGuid = {BAAC7DA4-ABD9-49AF-889B-5DF2E23781A4}
	EndGlobalSection
EndGlobal
